
Microsoft Visual Studio Solution File, Format Version 12.00
# Visual Studio Version 16
VisualStudioVersion = 16.0.29503.13
MinimumVisualStudioVersion = 10.0.40219.1
Project("{2150E333-8FDC-42A3-9474-1A3956D46DE8}") = "Solution Items", "Solution Items", "{CD07B326-37C6-4125-8362-9C486C8AA8EE}"
	ProjectSection(SolutionItems) = preProject
		.dockerignore = .dockerignore
		build.Dockerfile = build.Dockerfile
		run.Dockerfile = run.Dockerfile
	EndProjectSection
EndProject
Project("{2150E333-8FDC-42A3-9474-1A3956D46DE8}") = "Src", "Src", "{F38FEDC7-7358-4DC0-94C0-191AA52D6EA8}"
EndProject
Project("{9A19103F-16F7-4668-BE54-9A1E7A4F7556}") = "Account.Service.Api", "src\Account.Service.Api\Account.Service.Api.csproj", "{B687E247-4904-4501-B339-6E58358EF30C}"
EndProject
Project("{2150E333-8FDC-42A3-9474-1A3956D46DE8}") = "Presentation", "Presentation", "{886139FE-D48B-4269-94A9-4397E2FB521C}"
EndProject
Project("{2150E333-8FDC-42A3-9474-1A3956D46DE8}") = "Core", "Core", "{E83F49B4-53BD-4811-ACB8-F8C7007CCB67}"
EndProject
Project("{2150E333-8FDC-42A3-9474-1A3956D46DE8}") = "Infrastructure", "Infrastructure", "{B45EFB73-6F6E-4342-8855-0760B9692EAD}"
EndProject
Project("{2150E333-8FDC-42A3-9474-1A3956D46DE8}") = "Common", "Common", "{89AC5F34-9971-48D3-80D3-0645B9E8DF96}"
EndProject
Project("{9A19103F-16F7-4668-BE54-9A1E7A4F7556}") = "Account.Service.Application", "src\Account.Service.Application\Account.Service.Application.csproj", "{17E2E41E-778C-4BE3-8296-2E67D84A0F8F}"
EndProject
Project("{9A19103F-16F7-4668-BE54-9A1E7A4F7556}") = "Account.Service.Persistence", "src\Account.Service.Persistence\Account.Service.Persistence.csproj", "{7D69D642-0571-420D-B5E6-32BF4F8802E0}"
EndProject
Project("{9A19103F-16F7-4668-BE54-9A1E7A4F7556}") = "Account.Service.Domain", "src\Account.Service.Domain\Account.Service.Domain.csproj", "{637F2E18-63E8-4A2F-98B4-9E10221D68D3}"
EndProject
Project("{9A19103F-16F7-4668-BE54-9A1E7A4F7556}") = "Account.Service.Common", "src\Account.Service.Common\Account.Service.Common.csproj", "{B2AFD087-2C99-4FD4-BBFD-5B7772FC63E0}"
EndProject
Project("{2150E333-8FDC-42A3-9474-1A3956D46DE8}") = "Tests", "Tests", "{93A2F344-C7DA-4D1F-AC12-A135544BDF7C}"
EndProject
Project("{9A19103F-16F7-4668-BE54-9A1E7A4F7556}") = "Account.Service.Application.Tests", "src\Account.Service.Application.Tests\Account.Service.Application.Tests.csproj", "{6665915E-2BD8-4097-98E5-E92C787C3401}"
EndProject
Global
	GlobalSection(SolutionConfigurationPlatforms) = preSolution
		Debug|Any CPU = Debug|Any CPU
		Release|Any CPU = Release|Any CPU
	EndGlobalSection
	GlobalSection(ProjectConfigurationPlatforms) = postSolution
		{B687E247-4904-4501-B339-6E58358EF30C}.Debug|Any CPU.ActiveCfg = Debug|Any CPU
		{B687E247-4904-4501-B339-6E58358EF30C}.Debug|Any CPU.Build.0 = Debug|Any CPU
		{B687E247-4904-4501-B339-6E58358EF30C}.Release|Any CPU.ActiveCfg = Release|Any CPU
		{B687E247-4904-4501-B339-6E58358EF30C}.Release|Any CPU.Build.0 = Release|Any CPU
		{17E2E41E-778C-4BE3-8296-2E67D84A0F8F}.Debug|Any CPU.ActiveCfg = Debug|Any CPU
		{17E2E41E-778C-4BE3-8296-2E67D84A0F8F}.Debug|Any CPU.Build.0 = Debug|Any CPU
		{17E2E41E-778C-4BE3-8296-2E67D84A0F8F}.Release|Any CPU.ActiveCfg = Release|Any CPU
		{17E2E41E-778C-4BE3-8296-2E67D84A0F8F}.Release|Any CPU.Build.0 = Release|Any CPU
		{7D69D642-0571-420D-B5E6-32BF4F8802E0}.Debug|Any CPU.ActiveCfg = Debug|Any CPU
		{7D69D642-0571-420D-B5E6-32BF4F8802E0}.Debug|Any CPU.Build.0 = Debug|Any CPU
		{7D69D642-0571-420D-B5E6-32BF4F8802E0}.Release|Any CPU.ActiveCfg = Release|Any CPU
		{7D69D642-0571-420D-B5E6-32BF4F8802E0}.Release|Any CPU.Build.0 = Release|Any CPU
		{637F2E18-63E8-4A2F-98B4-9E10221D68D3}.Debug|Any CPU.ActiveCfg = Debug|Any CPU
		{637F2E18-63E8-4A2F-98B4-9E10221D68D3}.Debug|Any CPU.Build.0 = Debug|Any CPU
		{637F2E18-63E8-4A2F-98B4-9E10221D68D3}.Release|Any CPU.ActiveCfg = Release|Any CPU
		{637F2E18-63E8-4A2F-98B4-9E10221D68D3}.Release|Any CPU.Build.0 = Release|Any CPU
		{B2AFD087-2C99-4FD4-BBFD-5B7772FC63E0}.Debug|Any CPU.ActiveCfg = Debug|Any CPU
		{B2AFD087-2C99-4FD4-BBFD-5B7772FC63E0}.Debug|Any CPU.Build.0 = Debug|Any CPU
		{B2AFD087-2C99-4FD4-BBFD-5B7772FC63E0}.Release|Any CPU.ActiveCfg = Release|Any CPU
		{B2AFD087-2C99-4FD4-BBFD-5B7772FC63E0}.Release|Any CPU.Build.0 = Release|Any CPU
		{6665915E-2BD8-4097-98E5-E92C787C3401}.Debug|Any CPU.ActiveCfg = Debug|Any CPU
		{6665915E-2BD8-4097-98E5-E92C787C3401}.Debug|Any CPU.Build.0 = Debug|Any CPU
		{6665915E-2BD8-4097-98E5-E92C787C3401}.Release|Any CPU.ActiveCfg = Release|Any CPU
		{6665915E-2BD8-4097-98E5-E92C787C3401}.Release|Any CPU.Build.0 = Release|Any CPU
	EndGlobalSection
	GlobalSection(SolutionProperties) = preSolution
		HideSolutionNode = FALSE
	EndGlobalSection
	GlobalSection(NestedProjects) = preSolution
		{B687E247-4904-4501-B339-6E58358EF30C} = {886139FE-D48B-4269-94A9-4397E2FB521C}
		{886139FE-D48B-4269-94A9-4397E2FB521C} = {F38FEDC7-7358-4DC0-94C0-191AA52D6EA8}
		{E83F49B4-53BD-4811-ACB8-F8C7007CCB67} = {F38FEDC7-7358-4DC0-94C0-191AA52D6EA8}
		{B45EFB73-6F6E-4342-8855-0760B9692EAD} = {F38FEDC7-7358-4DC0-94C0-191AA52D6EA8}
		{89AC5F34-9971-48D3-80D3-0645B9E8DF96} = {F38FEDC7-7358-4DC0-94C0-191AA52D6EA8}
		{17E2E41E-778C-4BE3-8296-2E67D84A0F8F} = {E83F49B4-53BD-4811-ACB8-F8C7007CCB67}
		{7D69D642-0571-420D-B5E6-32BF4F8802E0} = {B45EFB73-6F6E-4342-8855-0760B9692EAD}
		{637F2E18-63E8-4A2F-98B4-9E10221D68D3} = {E83F49B4-53BD-4811-ACB8-F8C7007CCB67}
		{B2AFD087-2C99-4FD4-BBFD-5B7772FC63E0} = {89AC5F34-9971-48D3-80D3-0645B9E8DF96}
		{6665915E-2BD8-4097-98E5-E92C787C3401} = {93A2F344-C7DA-4D1F-AC12-A135544BDF7C}
	EndGlobalSection
	GlobalSection(ExtensibilityGlobals) = postSolution
		SolutionGuid = {46631016-4672-4E3C-ACDA-ACDD0617CF50}
	EndGlobalSection
EndGlobal
